// !$*UTF8*$!
{
	archiveVersion = 1;
	classes = {
	};
	objectVersion = 50;
	objects = {

/* Begin PBXBuildFile section */
		0F74F832217BB41F0061DE56 /* UserTranslator.swift in Sources */ = {isa = PBXBuildFile; fileRef = 0F74F831217BB41F0061DE56 /* UserTranslator.swift */; };
		0F74F835217BB45B0061DE56 /* UILoginResponse.swift in Sources */ = {isa = PBXBuildFile; fileRef = 0F74F834217BB45B0061DE56 /* UILoginResponse.swift */; };
		0F757D64216BDC90008EB66F /* evergentbilling.framework in Frameworks */ = {isa = PBXBuildFile; fileRef = 0F757D5A216BDC90008EB66F /* evergentbilling.framework */; };
		0F757D69216BDC90008EB66F /* evergentbillingTests.swift in Sources */ = {isa = PBXBuildFile; fileRef = 0F757D68216BDC90008EB66F /* evergentbillingTests.swift */; };
		0F757D6B216BDC90008EB66F /* evergentbilling.h in Headers */ = {isa = PBXBuildFile; fileRef = 0F757D5D216BDC90008EB66F /* evergentbilling.h */; settings = {ATTRIBUTES = (Public, ); }; };
		0F7A2E4A2172AAEA00E178F3 /* ProductRepository.swift in Sources */ = {isa = PBXBuildFile; fileRef = 0F7A2E492172AAEA00E178F3 /* ProductRepository.swift */; };
		0F7A2E6E2172B26C00E178F3 /* IAPHelper.swift in Sources */ = {isa = PBXBuildFile; fileRef = 0F7A2E6D2172B26C00E178F3 /* IAPHelper.swift */; };
		0F7A2E732172B29F00E178F3 /* Images.xcassets in Resources */ = {isa = PBXBuildFile; fileRef = 0F7A2E6F2172B29F00E178F3 /* Images.xcassets */; };
		0F7A2E742172B29F00E178F3 /* ProductCell.swift in Sources */ = {isa = PBXBuildFile; fileRef = 0F7A2E702172B29F00E178F3 /* ProductCell.swift */; };
		0F7A2E752172B29F00E178F3 /* MasterViewController.swift in Sources */ = {isa = PBXBuildFile; fileRef = 0F7A2E712172B29F00E178F3 /* MasterViewController.swift */; };
		0F7A2E762172B29F00E178F3 /* DetailViewController.swift in Sources */ = {isa = PBXBuildFile; fileRef = 0F7A2E722172B29F00E178F3 /* DetailViewController.swift */; };
		0F7A2E8A2172B52C00E178F3 /* Main.storyboard in Resources */ = {isa = PBXBuildFile; fileRef = 0F7A2E892172B52C00E178F3 /* Main.storyboard */; };
		0F7A2E8E2172B83900E178F3 /* NavUtil.swift in Sources */ = {isa = PBXBuildFile; fileRef = 0F7A2E8D2172B83900E178F3 /* NavUtil.swift */; };
		0F7EFE62216DC1730095CA6E /* ProductListController.swift in Sources */ = {isa = PBXBuildFile; fileRef = 0F7EFE61216DC1730095CA6E /* ProductListController.swift */; };
		0FDC955C217B000100566143 /* LoginViewController.swift in Sources */ = {isa = PBXBuildFile; fileRef = 0FDC955B217B000100566143 /* LoginViewController.swift */; };
		0FDC955E217B019F00566143 /* Login.storyboard in Resources */ = {isa = PBXBuildFile; fileRef = 0FDC955D217B019F00566143 /* Login.storyboard */; };
		0FDC9560217B11AB00566143 /* cartfile in Resources */ = {isa = PBXBuildFile; fileRef = 0FDC955F217B11AB00566143 /* cartfile */; };
		0FDC9563217B144400566143 /* Alamofire.framework in Frameworks */ = {isa = PBXBuildFile; fileRef = 0FDC9562217B144400566143 /* Alamofire.framework */; };
		0FDC956A217B1BB800566143 /* UserRepositoryImpl.swift in Sources */ = {isa = PBXBuildFile; fileRef = 0FDC9569217B1BB800566143 /* UserRepositoryImpl.swift */; };
		0FDC956E217B26B600566143 /* RxAlamofire.framework in Frameworks */ = {isa = PBXBuildFile; fileRef = 0FDC956D217B26B600566143 /* RxAlamofire.framework */; };
		0FDC9570217B26BA00566143 /* RxBlocking.framework in Frameworks */ = {isa = PBXBuildFile; fileRef = 0FDC956F217B26BA00566143 /* RxBlocking.framework */; };
		0FDC9572217B26BF00566143 /* RxCocoa.framework in Frameworks */ = {isa = PBXBuildFile; fileRef = 0FDC9571217B26BF00566143 /* RxCocoa.framework */; };
		0FDC9574217B26C100566143 /* RxSwift.framework in Frameworks */ = {isa = PBXBuildFile; fileRef = 0FDC9573217B26C100566143 /* RxSwift.framework */; };
		0FDC9576217B26C500566143 /* RxTest.framework in Frameworks */ = {isa = PBXBuildFile; fileRef = 0FDC9575217B26C500566143 /* RxTest.framework */; };
		0FDC9579217B278C00566143 /* LoginRequest.swift in Sources */ = {isa = PBXBuildFile; fileRef = 0FDC9578217B278C00566143 /* LoginRequest.swift */; };
		0FDC957B217B290500566143 /* LoginResponse.swift in Sources */ = {isa = PBXBuildFile; fileRef = 0FDC957A217B290500566143 /* LoginResponse.swift */; };
		0FDC957D217B2AC900566143 /* IUserRepository.swift in Sources */ = {isa = PBXBuildFile; fileRef = 0FDC957C217B2AC900566143 /* IUserRepository.swift */; };
/* End PBXBuildFile section */

/* Begin PBXContainerItemProxy section */
		0F757D65216BDC90008EB66F /* PBXContainerItemProxy */ = {
			isa = PBXContainerItemProxy;
			containerPortal = 0F757D51216BDC90008EB66F /* Project object */;
			proxyType = 1;
			remoteGlobalIDString = 0F757D59216BDC90008EB66F;
			remoteInfo = evergentbilling;
		};
/* End PBXContainerItemProxy section */

/* Begin PBXFileReference section */
		0F74F831217BB41F0061DE56 /* UserTranslator.swift */ = {isa = PBXFileReference; lastKnownFileType = sourcecode.swift; path = UserTranslator.swift; sourceTree = "<group>"; };
		0F74F834217BB45B0061DE56 /* UILoginResponse.swift */ = {isa = PBXFileReference; lastKnownFileType = sourcecode.swift; path = UILoginResponse.swift; sourceTree = "<group>"; };
		0F757D5A216BDC90008EB66F /* evergentbilling.framework */ = {isa = PBXFileReference; explicitFileType = wrapper.framework; includeInIndex = 0; path = evergentbilling.framework; sourceTree = BUILT_PRODUCTS_DIR; };
		0F757D5D216BDC90008EB66F /* evergentbilling.h */ = {isa = PBXFileReference; lastKnownFileType = sourcecode.c.h; path = evergentbilling.h; sourceTree = "<group>"; };
		0F757D5E216BDC90008EB66F /* Info.plist */ = {isa = PBXFileReference; lastKnownFileType = text.plist.xml; path = Info.plist; sourceTree = "<group>"; };
		0F757D63216BDC90008EB66F /* evergentbillingTests.xctest */ = {isa = PBXFileReference; explicitFileType = wrapper.cfbundle; includeInIndex = 0; path = evergentbillingTests.xctest; sourceTree = BUILT_PRODUCTS_DIR; };
		0F757D68216BDC90008EB66F /* evergentbillingTests.swift */ = {isa = PBXFileReference; lastKnownFileType = sourcecode.swift; path = evergentbillingTests.swift; sourceTree = "<group>"; };
		0F757D6A216BDC90008EB66F /* Info.plist */ = {isa = PBXFileReference; lastKnownFileType = text.plist.xml; path = Info.plist; sourceTree = "<group>"; };
		0F7A2E492172AAEA00E178F3 /* ProductRepository.swift */ = {isa = PBXFileReference; fileEncoding = 4; lastKnownFileType = sourcecode.swift; path = ProductRepository.swift; sourceTree = "<group>"; };
		0F7A2E6D2172B26C00E178F3 /* IAPHelper.swift */ = {isa = PBXFileReference; fileEncoding = 4; lastKnownFileType = sourcecode.swift; path = IAPHelper.swift; sourceTree = "<group>"; };
		0F7A2E6F2172B29F00E178F3 /* Images.xcassets */ = {isa = PBXFileReference; lastKnownFileType = folder.assetcatalog; path = Images.xcassets; sourceTree = "<group>"; };
		0F7A2E702172B29F00E178F3 /* ProductCell.swift */ = {isa = PBXFileReference; fileEncoding = 4; lastKnownFileType = sourcecode.swift; path = ProductCell.swift; sourceTree = "<group>"; };
		0F7A2E712172B29F00E178F3 /* MasterViewController.swift */ = {isa = PBXFileReference; fileEncoding = 4; lastKnownFileType = sourcecode.swift; path = MasterViewController.swift; sourceTree = "<group>"; };
		0F7A2E722172B29F00E178F3 /* DetailViewController.swift */ = {isa = PBXFileReference; fileEncoding = 4; lastKnownFileType = sourcecode.swift; path = DetailViewController.swift; sourceTree = "<group>"; };
		0F7A2E892172B52C00E178F3 /* Main.storyboard */ = {isa = PBXFileReference; fileEncoding = 4; lastKnownFileType = file.storyboard; path = Main.storyboard; sourceTree = "<group>"; };
		0F7A2E8D2172B83900E178F3 /* NavUtil.swift */ = {isa = PBXFileReference; lastKnownFileType = sourcecode.swift; path = NavUtil.swift; sourceTree = "<group>"; };
		0F7EFE61216DC1730095CA6E /* ProductListController.swift */ = {isa = PBXFileReference; lastKnownFileType = sourcecode.swift; path = ProductListController.swift; sourceTree = "<group>"; };
		0FDC955B217B000100566143 /* LoginViewController.swift */ = {isa = PBXFileReference; lastKnownFileType = sourcecode.swift; path = LoginViewController.swift; sourceTree = "<group>"; };
		0FDC955D217B019F00566143 /* Login.storyboard */ = {isa = PBXFileReference; lastKnownFileType = file.storyboard; path = Login.storyboard; sourceTree = "<group>"; };
		0FDC955F217B11AB00566143 /* cartfile */ = {isa = PBXFileReference; lastKnownFileType = text; path = cartfile; sourceTree = "<group>"; };
		0FDC9562217B144400566143 /* Alamofire.framework */ = {isa = PBXFileReference; lastKnownFileType = wrapper.framework; name = Alamofire.framework; path = Carthage/Build/iOS/Alamofire.framework; sourceTree = "<group>"; };
		0FDC9569217B1BB800566143 /* UserRepositoryImpl.swift */ = {isa = PBXFileReference; lastKnownFileType = sourcecode.swift; path = UserRepositoryImpl.swift; sourceTree = "<group>"; };
		0FDC956D217B26B600566143 /* RxAlamofire.framework */ = {isa = PBXFileReference; lastKnownFileType = wrapper.framework; name = RxAlamofire.framework; path = Carthage/Build/iOS/RxAlamofire.framework; sourceTree = "<group>"; };
		0FDC956F217B26BA00566143 /* RxBlocking.framework */ = {isa = PBXFileReference; lastKnownFileType = wrapper.framework; name = RxBlocking.framework; path = Carthage/Build/iOS/RxBlocking.framework; sourceTree = "<group>"; };
		0FDC9571217B26BF00566143 /* RxCocoa.framework */ = {isa = PBXFileReference; lastKnownFileType = wrapper.framework; name = RxCocoa.framework; path = Carthage/Build/iOS/RxCocoa.framework; sourceTree = "<group>"; };
		0FDC9573217B26C100566143 /* RxSwift.framework */ = {isa = PBXFileReference; lastKnownFileType = wrapper.framework; name = RxSwift.framework; path = Carthage/Build/iOS/RxSwift.framework; sourceTree = "<group>"; };
		0FDC9575217B26C500566143 /* RxTest.framework */ = {isa = PBXFileReference; lastKnownFileType = wrapper.framework; name = RxTest.framework; path = Carthage/Build/iOS/RxTest.framework; sourceTree = "<group>"; };
		0FDC9578217B278C00566143 /* LoginRequest.swift */ = {isa = PBXFileReference; lastKnownFileType = sourcecode.swift; path = LoginRequest.swift; sourceTree = "<group>"; };
		0FDC957A217B290500566143 /* LoginResponse.swift */ = {isa = PBXFileReference; lastKnownFileType = sourcecode.swift; path = LoginResponse.swift; sourceTree = "<group>"; };
		0FDC957C217B2AC900566143 /* IUserRepository.swift */ = {isa = PBXFileReference; lastKnownFileType = sourcecode.swift; path = IUserRepository.swift; sourceTree = "<group>"; };
/* End PBXFileReference section */

/* Begin PBXFrameworksBuildPhase section */
		0F757D56216BDC90008EB66F /* Frameworks */ = {
			isa = PBXFrameworksBuildPhase;
			buildActionMask = 2147483647;
			files = (
				0FDC9563217B144400566143 /* Alamofire.framework in Frameworks */,
				0FDC956E217B26B600566143 /* RxAlamofire.framework in Frameworks */,
				0FDC9570217B26BA00566143 /* RxBlocking.framework in Frameworks */,
				0FDC9574217B26C100566143 /* RxSwift.framework in Frameworks */,
				0FDC9572217B26BF00566143 /* RxCocoa.framework in Frameworks */,
				0FDC9576217B26C500566143 /* RxTest.framework in Frameworks */,
			);
			runOnlyForDeploymentPostprocessing = 0;
		};
		0F757D60216BDC90008EB66F /* Frameworks */ = {
			isa = PBXFrameworksBuildPhase;
			buildActionMask = 2147483647;
			files = (
				0F757D64216BDC90008EB66F /* evergentbilling.framework in Frameworks */,
			);
			runOnlyForDeploymentPostprocessing = 0;
		};
/* End PBXFrameworksBuildPhase section */

/* Begin PBXGroup section */
		0F74F830217BB4120061DE56 /* translators */ = {
			isa = PBXGroup;
			children = (
				0F74F831217BB41F0061DE56 /* UserTranslator.swift */,
			);
			path = translators;
			sourceTree = "<group>";
		};
		0F74F833217BB43D0061DE56 /* uimodel */ = {
			isa = PBXGroup;
			children = (
				0F74F834217BB45B0061DE56 /* UILoginResponse.swift */,
			);
			path = uimodel;
			sourceTree = "<group>";
		};
		0F757D50216BDC90008EB66F = {
			isa = PBXGroup;
			children = (
				0FDC955F217B11AB00566143 /* cartfile */,
				0F757D5C216BDC90008EB66F /* evergentbilling */,
				0F757D67216BDC90008EB66F /* evergentbillingTests */,
				0F757D5B216BDC90008EB66F /* Products */,
				0FDC9561217B144400566143 /* Frameworks */,
			);
			sourceTree = "<group>";
		};
		0F757D5B216BDC90008EB66F /* Products */ = {
			isa = PBXGroup;
			children = (
				0F757D5A216BDC90008EB66F /* evergentbilling.framework */,
				0F757D63216BDC90008EB66F /* evergentbillingTests.xctest */,
			);
			name = Products;
			sourceTree = "<group>";
		};
		0F757D5C216BDC90008EB66F /* evergentbilling */ = {
			isa = PBXGroup;
			children = (
				0F74F833217BB43D0061DE56 /* uimodel */,
				0FDC9577217B273A00566143 /* model */,
				0FDC9568217B1B1200566143 /* utils */,
				0FDC9567217B1ADF00566143 /* repositories */,
				0FDC9564217B14DD00566143 /* viewcontrollers */,
				0F7A2E892172B52C00E178F3 /* Main.storyboard */,
				0F7A2E6F2172B29F00E178F3 /* Images.xcassets */,
				0F7A2E702172B29F00E178F3 /* ProductCell.swift */,
				0F757D5D216BDC90008EB66F /* evergentbilling.h */,
				0F757D5E216BDC90008EB66F /* Info.plist */,
				0FDC955D217B019F00566143 /* Login.storyboard */,
			);
			path = evergentbilling;
			sourceTree = "<group>";
		};
		0F757D67216BDC90008EB66F /* evergentbillingTests */ = {
			isa = PBXGroup;
			children = (
				0F757D68216BDC90008EB66F /* evergentbillingTests.swift */,
				0F757D6A216BDC90008EB66F /* Info.plist */,
			);
			path = evergentbillingTests;
			sourceTree = "<group>";
		};
		0FDC9561217B144400566143 /* Frameworks */ = {
			isa = PBXGroup;
			children = (
				0FDC9575217B26C500566143 /* RxTest.framework */,
				0FDC9573217B26C100566143 /* RxSwift.framework */,
				0FDC9571217B26BF00566143 /* RxCocoa.framework */,
				0FDC956F217B26BA00566143 /* RxBlocking.framework */,
				0FDC956D217B26B600566143 /* RxAlamofire.framework */,
				0FDC9562217B144400566143 /* Alamofire.framework */,
			);
			name = Frameworks;
			sourceTree = "<group>";
		};
		0FDC9564217B14DD00566143 /* viewcontrollers */ = {
			isa = PBXGroup;
			children = (
				0FDC955B217B000100566143 /* LoginViewController.swift */,
				0F7EFE61216DC1730095CA6E /* ProductListController.swift */,
				0F7A2E712172B29F00E178F3 /* MasterViewController.swift */,
				0F7A2E722172B29F00E178F3 /* DetailViewController.swift */,
			);
			path = viewcontrollers;
			sourceTree = "<group>";
		};
		0FDC9567217B1ADF00566143 /* repositories */ = {
			isa = PBXGroup;
			children = (
				0F74F830217BB4120061DE56 /* translators */,
				0F7A2E492172AAEA00E178F3 /* ProductRepository.swift */,
				0FDC9569217B1BB800566143 /* UserRepositoryImpl.swift */,
				0FDC957C217B2AC900566143 /* IUserRepository.swift */,
			);
			path = repositories;
			sourceTree = "<group>";
		};
		0FDC9568217B1B1200566143 /* utils */ = {
			isa = PBXGroup;
			children = (
				0F7A2E8D2172B83900E178F3 /* NavUtil.swift */,
				0F7A2E6D2172B26C00E178F3 /* IAPHelper.swift */,
			);
			path = utils;
			sourceTree = "<group>";
		};
		0FDC9577217B273A00566143 /* model */ = {
			isa = PBXGroup;
			children = (
				0FDC9578217B278C00566143 /* LoginRequest.swift */,
				0FDC957A217B290500566143 /* LoginResponse.swift */,
			);
			path = model;
			sourceTree = "<group>";
		};
/* End PBXGroup section */

/* Begin PBXHeadersBuildPhase section */
		0F757D57216BDC90008EB66F /* Headers */ = {
			isa = PBXHeadersBuildPhase;
			buildActionMask = 2147483647;
			files = (
				0F757D6B216BDC90008EB66F /* evergentbilling.h in Headers */,
			);
			runOnlyForDeploymentPostprocessing = 0;
		};
/* End PBXHeadersBuildPhase section */

/* Begin PBXNativeTarget section */
		0F757D59216BDC90008EB66F /* evergentbilling */ = {
			isa = PBXNativeTarget;
			buildConfigurationList = 0F757D6E216BDC90008EB66F /* Build configuration list for PBXNativeTarget "evergentbilling" */;
			buildPhases = (
				0F757D55216BDC90008EB66F /* Sources */,
				0F757D56216BDC90008EB66F /* Frameworks */,
				0F757D57216BDC90008EB66F /* Headers */,
				0F757D58216BDC90008EB66F /* Resources */,
			);
			buildRules = (
			);
			dependencies = (
			);
			name = evergentbilling;
			productName = evergentbilling;
			productReference = 0F757D5A216BDC90008EB66F /* evergentbilling.framework */;
			productType = "com.apple.product-type.framework";
		};
		0F757D62216BDC90008EB66F /* evergentbillingTests */ = {
			isa = PBXNativeTarget;
			buildConfigurationList = 0F757D71216BDC90008EB66F /* Build configuration list for PBXNativeTarget "evergentbillingTests" */;
			buildPhases = (
				0F757D5F216BDC90008EB66F /* Sources */,
				0F757D60216BDC90008EB66F /* Frameworks */,
				0F757D61216BDC90008EB66F /* Resources */,
			);
			buildRules = (
			);
			dependencies = (
				0F757D66216BDC90008EB66F /* PBXTargetDependency */,
			);
			name = evergentbillingTests;
			productName = evergentbillingTests;
			productReference = 0F757D63216BDC90008EB66F /* evergentbillingTests.xctest */;
			productType = "com.apple.product-type.bundle.unit-test";
		};
/* End PBXNativeTarget section */

/* Begin PBXProject section */
		0F757D51216BDC90008EB66F /* Project object */ = {
			isa = PBXProject;
			attributes = {
				LastSwiftUpdateCheck = 0940;
				LastUpgradeCheck = 0940;
				ORGANIZATIONNAME = Evergent;
				TargetAttributes = {
					0F757D59216BDC90008EB66F = {
						CreatedOnToolsVersion = 9.4;
						LastSwiftMigration = 0940;
					};
					0F757D62216BDC90008EB66F = {
						CreatedOnToolsVersion = 9.4;
					};
				};
			};
			buildConfigurationList = 0F757D54216BDC90008EB66F /* Build configuration list for PBXProject "evergentbilling" */;
			compatibilityVersion = "Xcode 9.3";
			developmentRegion = en;
			hasScannedForEncodings = 0;
			knownRegions = (
				en,
				Base,
			);
			mainGroup = 0F757D50216BDC90008EB66F;
			productRefGroup = 0F757D5B216BDC90008EB66F /* Products */;
			projectDirPath = "";
			projectRoot = "";
			targets = (
				0F757D59216BDC90008EB66F /* evergentbilling */,
				0F757D62216BDC90008EB66F /* evergentbillingTests */,
			);
		};
/* End PBXProject section */

/* Begin PBXResourcesBuildPhase section */
		0F757D58216BDC90008EB66F /* Resources */ = {
			isa = PBXResourcesBuildPhase;
			buildActionMask = 2147483647;
			files = (
				0F7A2E8A2172B52C00E178F3 /* Main.storyboard in Resources */,
				0F7A2E732172B29F00E178F3 /* Images.xcassets in Resources */,
				0FDC9560217B11AB00566143 /* cartfile in Resources */,
				0FDC955E217B019F00566143 /* Login.storyboard in Resources */,
			);
			runOnlyForDeploymentPostprocessing = 0;
		};
		0F757D61216BDC90008EB66F /* Resources */ = {
			isa = PBXResourcesBuildPhase;
			buildActionMask = 2147483647;
			files = (
			);
			runOnlyForDeploymentPostprocessing = 0;
		};
/* End PBXResourcesBuildPhase section */

/* Begin PBXSourcesBuildPhase section */
		0F757D55216BDC90008EB66F /* Sources */ = {
			isa = PBXSourcesBuildPhase;
			buildActionMask = 2147483647;
			files = (
				0F7A2E752172B29F00E178F3 /* MasterViewController.swift in Sources */,
				0F7A2E4A2172AAEA00E178F3 /* ProductRepository.swift in Sources */,
				0F74F835217BB45B0061DE56 /* UILoginResponse.swift in Sources */,
				0FDC957D217B2AC900566143 /* IUserRepository.swift in Sources */,
				0FDC957B217B290500566143 /* LoginResponse.swift in Sources */,
				0F74F832217BB41F0061DE56 /* UserTranslator.swift in Sources */,
				0FDC956A217B1BB800566143 /* UserRepositoryImpl.swift in Sources */,
				0F7A2E742172B29F00E178F3 /* ProductCell.swift in Sources */,
				0F7A2E8E2172B83900E178F3 /* NavUtil.swift in Sources */,
				0FDC955C217B000100566143 /* LoginViewController.swift in Sources */,
				0F7A2E762172B29F00E178F3 /* DetailViewController.swift in Sources */,
				0F7A2E6E2172B26C00E178F3 /* IAPHelper.swift in Sources */,
				0F7EFE62216DC1730095CA6E /* ProductListController.swift in Sources */,
				0FDC9579217B278C00566143 /* LoginRequest.swift in Sources */,
			);
			runOnlyForDeploymentPostprocessing = 0;
		};
		0F757D5F216BDC90008EB66F /* Sources */ = {
			isa = PBXSourcesBuildPhase;
			buildActionMask = 2147483647;
			files = (
				0F757D69216BDC90008EB66F /* evergentbillingTests.swift in Sources */,
			);
			runOnlyForDeploymentPostprocessing = 0;
		};
/* End PBXSourcesBuildPhase section */

/* Begin PBXTargetDependency section */
		0F757D66216BDC90008EB66F /* PBXTargetDependency */ = {
			isa = PBXTargetDependency;
			target = 0F757D59216BDC90008EB66F /* evergentbilling */;
			targetProxy = 0F757D65216BDC90008EB66F /* PBXContainerItemProxy */;
		};
/* End PBXTargetDependency section */

/* Begin XCBuildConfiguration section */
		0F757D6C216BDC90008EB66F /* Debug */ = {
			isa = XCBuildConfiguration;
			buildSettings = {
				ALWAYS_SEARCH_USER_PATHS = NO;
				CLANG_ANALYZER_NONNULL = YES;
				CLANG_ANALYZER_NUMBER_OBJECT_CONVERSION = YES_AGGRESSIVE;
				CLANG_CXX_LANGUAGE_STANDARD = "gnu++14";
				CLANG_CXX_LIBRARY = "libc++";
				CLANG_ENABLE_MODULES = YES;
				CLANG_ENABLE_OBJC_ARC = YES;
				CLANG_ENABLE_OBJC_WEAK = YES;
				CLANG_WARN_BLOCK_CAPTURE_AUTORELEASING = YES;
				CLANG_WARN_BOOL_CONVERSION = YES;
				CLANG_WARN_COMMA = YES;
				CLANG_WARN_CONSTANT_CONVERSION = YES;
				CLANG_WARN_DEPRECATED_OBJC_IMPLEMENTATIONS = YES;
				CLANG_WARN_DIRECT_OBJC_ISA_USAGE = YES_ERROR;
				CLANG_WARN_DOCUMENTATION_COMMENTS = YES;
				CLANG_WARN_EMPTY_BODY = YES;
				CLANG_WARN_ENUM_CONVERSION = YES;
				CLANG_WARN_INFINITE_RECURSION = YES;
				CLANG_WARN_INT_CONVERSION = YES;
				CLANG_WARN_NON_LITERAL_NULL_CONVERSION = YES;
				CLANG_WARN_OBJC_IMPLICIT_RETAIN_SELF = YES;
				CLANG_WARN_OBJC_LITERAL_CONVERSION = YES;
				CLANG_WARN_OBJC_ROOT_CLASS = YES_ERROR;
				CLANG_WARN_RANGE_LOOP_ANALYSIS = YES;
				CLANG_WARN_STRICT_PROTOTYPES = YES;
				CLANG_WARN_SUSPICIOUS_MOVE = YES;
				CLANG_WARN_UNGUARDED_AVAILABILITY = YES_AGGRESSIVE;
				CLANG_WARN_UNREACHABLE_CODE = YES;
				CLANG_WARN__DUPLICATE_METHOD_MATCH = YES;
				CODE_SIGN_IDENTITY = "iPhone Developer";
				COPY_PHASE_STRIP = NO;
				CURRENT_PROJECT_VERSION = 1;
				DEBUG_INFORMATION_FORMAT = dwarf;
				ENABLE_STRICT_OBJC_MSGSEND = YES;
				ENABLE_TESTABILITY = YES;
				GCC_C_LANGUAGE_STANDARD = gnu11;
				GCC_DYNAMIC_NO_PIC = NO;
				GCC_NO_COMMON_BLOCKS = YES;
				GCC_OPTIMIZATION_LEVEL = 0;
				GCC_PREPROCESSOR_DEFINITIONS = (
					"DEBUG=1",
					"$(inherited)",
				);
				GCC_WARN_64_TO_32_BIT_CONVERSION = YES;
				GCC_WARN_ABOUT_RETURN_TYPE = YES_ERROR;
				GCC_WARN_UNDECLARED_SELECTOR = YES;
				GCC_WARN_UNINITIALIZED_AUTOS = YES_AGGRESSIVE;
				GCC_WARN_UNUSED_FUNCTION = YES;
				GCC_WARN_UNUSED_VARIABLE = YES;
				IPHONEOS_DEPLOYMENT_TARGET = 11.4;
				MTL_ENABLE_DEBUG_INFO = YES;
				ONLY_ACTIVE_ARCH = YES;
				SDKROOT = iphoneos;
				SWIFT_ACTIVE_COMPILATION_CONDITIONS = DEBUG;
				SWIFT_OPTIMIZATION_LEVEL = "-Onone";
				VERSIONING_SYSTEM = "apple-generic";
				VERSION_INFO_PREFIX = "";
			};
			name = Debug;
		};
		0F757D6D216BDC90008EB66F /* Release */ = {
			isa = XCBuildConfiguration;
			buildSettings = {
				ALWAYS_SEARCH_USER_PATHS = NO;
				CLANG_ANALYZER_NONNULL = YES;
				CLANG_ANALYZER_NUMBER_OBJECT_CONVERSION = YES_AGGRESSIVE;
				CLANG_CXX_LANGUAGE_STANDARD = "gnu++14";
				CLANG_CXX_LIBRARY = "libc++";
				CLANG_ENABLE_MODULES = YES;
				CLANG_ENABLE_OBJC_ARC = YES;
				CLANG_ENABLE_OBJC_WEAK = YES;
				CLANG_WARN_BLOCK_CAPTURE_AUTORELEASING = YES;
				CLANG_WARN_BOOL_CONVERSION = YES;
				CLANG_WARN_COMMA = YES;
				CLANG_WARN_CONSTANT_CONVERSION = YES;
				CLANG_WARN_DEPRECATED_OBJC_IMPLEMENTATIONS = YES;
				CLANG_WARN_DIRECT_OBJC_ISA_USAGE = YES_ERROR;
				CLANG_WARN_DOCUMENTATION_COMMENTS = YES;
				CLANG_WARN_EMPTY_BODY = YES;
				CLANG_WARN_ENUM_CONVERSION = YES;
				CLANG_WARN_INFINITE_RECURSION = YES;
				CLANG_WARN_INT_CONVERSION = YES;
				CLANG_WARN_NON_LITERAL_NULL_CONVERSION = YES;
				CLANG_WARN_OBJC_IMPLICIT_RETAIN_SELF = YES;
				CLANG_WARN_OBJC_LITERAL_CONVERSION = YES;
				CLANG_WARN_OBJC_ROOT_CLASS = YES_ERROR;
				CLANG_WARN_RANGE_LOOP_ANALYSIS = YES;
				CLANG_WARN_STRICT_PROTOTYPES = YES;
				CLANG_WARN_SUSPICIOUS_MOVE = YES;
				CLANG_WARN_UNGUARDED_AVAILABILITY = YES_AGGRESSIVE;
				CLANG_WARN_UNREACHABLE_CODE = YES;
				CLANG_WARN__DUPLICATE_METHOD_MATCH = YES;
				CODE_SIGN_IDENTITY = "iPhone Developer";
				COPY_PHASE_STRIP = NO;
				CURRENT_PROJECT_VERSION = 1;
				DEBUG_INFORMATION_FORMAT = "dwarf-with-dsym";
				ENABLE_NS_ASSERTIONS = NO;
				ENABLE_STRICT_OBJC_MSGSEND = YES;
				GCC_C_LANGUAGE_STANDARD = gnu11;
				GCC_NO_COMMON_BLOCKS = YES;
				GCC_WARN_64_TO_32_BIT_CONVERSION = YES;
				GCC_WARN_ABOUT_RETURN_TYPE = YES_ERROR;
				GCC_WARN_UNDECLARED_SELECTOR = YES;
				GCC_WARN_UNINITIALIZED_AUTOS = YES_AGGRESSIVE;
				GCC_WARN_UNUSED_FUNCTION = YES;
				GCC_WARN_UNUSED_VARIABLE = YES;
				IPHONEOS_DEPLOYMENT_TARGET = 11.4;
				MTL_ENABLE_DEBUG_INFO = NO;
				SDKROOT = iphoneos;
				SWIFT_COMPILATION_MODE = wholemodule;
				SWIFT_OPTIMIZATION_LEVEL = "-O";
				VALIDATE_PRODUCT = YES;
				VERSIONING_SYSTEM = "apple-generic";
				VERSION_INFO_PREFIX = "";
			};
			name = Release;
		};
		0F757D6F216BDC90008EB66F /* Debug */ = {
			isa = XCBuildConfiguration;
			buildSettings = {
				CLANG_ENABLE_MODULES = YES;
				CODE_SIGN_IDENTITY = "";
				CODE_SIGN_STYLE = Automatic;
				DEFINES_MODULE = YES;
				DEVELOPMENT_TEAM = 5VZVP3LR24;
				DYLIB_COMPATIBILITY_VERSION = 1;
				DYLIB_CURRENT_VERSION = 1;
				DYLIB_INSTALL_NAME_BASE = "@rpath";
				FRAMEWORK_SEARCH_PATHS = (
					"$(inherited)",
					"$(PROJECT_DIR)/Carthage/Build/iOS",
				);
				INFOPLIST_FILE = evergentbilling/Info.plist;
				INSTALL_PATH = "$(LOCAL_LIBRARY_DIR)/Frameworks";
				LD_RUNPATH_SEARCH_PATHS = (
					"$(inherited)",
					"@executable_path/Frameworks",
					"@loader_path/Frameworks",
				);
				"LD_RUNPATH_SEARCH_PATHS[arch=*]" = (
					"$(inherited)",
					"$(PROJECT_DIR)/Carthage/Build/iOS",
				);
				PRODUCT_BUNDLE_IDENTIFIER = com.evergent.evergentbilling;
				PRODUCT_NAME = "$(TARGET_NAME:c99extidentifier)";
				SKIP_INSTALL = YES;
				SWIFT_OPTIMIZATION_LEVEL = "-Onone";
				SWIFT_VERSION = 4.0;
				TARGETED_DEVICE_FAMILY = "1,2";
			};
			name = Debug;
		};
		0F757D70216BDC90008EB66F /* Release */ = {
			isa = XCBuildConfiguration;
			buildSettings = {
				CLANG_ENABLE_MODULES = YES;
				CODE_SIGN_IDENTITY = "";
				CODE_SIGN_STYLE = Automatic;
				DEFINES_MODULE = YES;
				DEVELOPMENT_TEAM = 5VZVP3LR24;
				DYLIB_COMPATIBILITY_VERSION = 1;
				DYLIB_CURRENT_VERSION = 1;
				DYLIB_INSTALL_NAME_BASE = "@rpath";
				FRAMEWORK_SEARCH_PATHS = (
					"$(inherited)",
					"$(PROJECT_DIR)/Carthage/Build/iOS",
				);
				INFOPLIST_FILE = evergentbilling/Info.plist;
				INSTALL_PATH = "$(LOCAL_LIBRARY_DIR)/Frameworks";
				LD_RUNPATH_SEARCH_PATHS = (
					"$(inherited)",
					"@executable_path/Frameworks",
					"@loader_path/Frameworks",
				);
				"LD_RUNPATH_SEARCH_PATHS[arch=*]" = (
					"$(inherited)",
					"$(PROJECT_DIR)/Carthage/Build/iOS",
				);
				PRODUCT_BUNDLE_IDENTIFIER = com.evergent.evergentbilling;
				PRODUCT_NAME = "$(TARGET_NAME:c99extidentifier)";
				SKIP_INSTALL = YES;
				SWIFT_VERSION = 4.0;
				TARGETED_DEVICE_FAMILY = "1,2";
			};
			name = Release;
		};
		0F757D72216BDC90008EB66F /* Debug */ = {
			isa = XCBuildConfiguration;
			buildSettings = {
				ALWAYS_EMBED_SWIFT_STANDARD_LIBRARIES = YES;
				CODE_SIGN_STYLE = Automatic;
				DEVELOPMENT_TEAM = Z7EAZWK96N;
				INFOPLIST_FILE = evergentbillingTests/Info.plist;
				LD_RUNPATH_SEARCH_PATHS = (
					"$(inherited)",
					"@executable_path/Frameworks",
					"@loader_path/Frameworks",
				);
				PRODUCT_BUNDLE_IDENTIFIER = com.evergent.evergentbillingTests;
				PRODUCT_NAME = "$(TARGET_NAME)";
				SWIFT_VERSION = 4.0;
				TARGETED_DEVICE_FAMILY = "1,2";
			};
			name = Debug;
		};
		0F757D73216BDC90008EB66F /* Release */ = {
			isa = XCBuildConfiguration;
			buildSettings = {
				ALWAYS_EMBED_SWIFT_STANDARD_LIBRARIES = YES;
				CODE_SIGN_STYLE = Automatic;
				DEVELOPMENT_TEAM = Z7EAZWK96N;
				INFOPLIST_FILE = evergentbillingTests/Info.plist;
				LD_RUNPATH_SEARCH_PATHS = (
					"$(inherited)",
					"@executable_path/Frameworks",
					"@loader_path/Frameworks",
				);
				PRODUCT_BUNDLE_IDENTIFIER = com.evergent.evergentbillingTests;
				PRODUCT_NAME = "$(TARGET_NAME)";
				SWIFT_VERSION = 4.0;
				TARGETED_DEVICE_FAMILY = "1,2";
			};
			name = Release;
		};
/* End XCBuildConfiguration section */

/* Begin XCConfigurationList section */
		0F757D54216BDC90008EB66F /* Build configuration list for PBXProject "evergentbilling" */ = {
			isa = XCConfigurationList;
			buildConfigurations = (
				0F757D6C216BDC90008EB66F /* Debug */,
				0F757D6D216BDC90008EB66F /* Release */,
			);
			defaultConfigurationIsVisible = 0;
			defaultConfigurationName = Release;
		};
		0F757D6E216BDC90008EB66F /* Build configuration list for PBXNativeTarget "evergentbilling" */ = {
			isa = XCConfigurationList;
			buildConfigurations = (
				0F757D6F216BDC90008EB66F /* Debug */,
				0F757D70216BDC90008EB66F /* Release */,
			);
			defaultConfigurationIsVisible = 0;
			defaultConfigurationName = Release;
		};
		0F757D71216BDC90008EB66F /* Build configuration list for PBXNativeTarget "evergentbillingTests" */ = {
			isa = XCConfigurationList;
			buildConfigurations = (
				0F757D72216BDC90008EB66F /* Debug */,
				0F757D73216BDC90008EB66F /* Release */,
			);
			defaultConfigurationIsVisible = 0;
			defaultConfigurationName = Release;
		};
/* End XCConfigurationList section */
	};
	rootObject = 0F757D51216BDC90008EB66F /* Project object */;
}
